
Microsoft Visual Studio Solution File, Format Version 12.00
# Visual Studio Version 17
VisualStudioVersion = 17.14.36518.9
MinimumVisualStudioVersion = 10.0.40219.1
Project("{FAE04EC0-301F-11D3-BF4B-00C04F79EFBC}") = "Tyuiu.MoskalevEA.Sprint1.Task0.V23.Test", "Tyuiu.MoskalevEA.Sprint1.Task0.V23.Test\Tyuiu.MoskalevEA.Sprint1.Task0.V23.Test.csproj", "{F4FAC711-1134-496E-84D0-F885BBE62307}"
EndProject
Project("{FAE04EC0-301F-11D3-BF4B-00C04F79EFBC}") = "Tyuiu.MoskalevEA.Sprint1.Task0.V23.Lib", "Tyuiu.MoskalevEA.Sprint1.Task0.V23.Lib\Tyuiu.MoskalevEA.Sprint1.Task0.V23.Lib.csproj", "{32B78057-8CB2-4917-91E7-DE86D99B9018}"
EndProject
Project("{FAE04EC0-301F-11D3-BF4B-00C04F79EFBC}") = "Tyuiu.MoskalevEA.Sprint1.Task0.V23", "Tyuiu.MoskalevEA.Sprint1.Task0.V23\Tyuiu.MoskalevEA.Sprint1.Task0.V23.csproj", "{C83752BF-1BFC-4316-ABF4-A21CBB113DEC}"
EndProject
Project("{2150E333-8FDC-42A3-9474-1A3956D46DE8}") = "Task0", "Task0", "{02EA681E-C7D8-13C7-8484-4AC65E1B71E8}"
EndProject
Project("{2150E333-8FDC-42A3-9474-1A3956D46DE8}") = "Task1", "Task1", "{760E99E3-7021-4E7E-944F-DCFBA11A52BA}"
EndProject
Project("{FAE04EC0-301F-11D3-BF4B-00C04F79EFBC}") = "Tyuiu.MoskalevEA.Sprint1.Task1.V11", "Tyuiu.MoskalevEA.Sprint1.Task1V11\Tyuiu.MoskalevEA.Sprint1.Task1.V11.csproj", "{762FEAC4-ABC6-49B2-8521-D881B4D6A33C}"
EndProject
Project("{FAE04EC0-301F-11D3-BF4B-00C04F79EFBC}") = "Tyuiu.MoskalevEA.Sprint1.Task1.V11.Test", "Tyuiu.MoskalevEA.Sprint1.Task1V11.Test\Tyuiu.MoskalevEA.Sprint1.Task1.V11.Test.csproj", "{F5B77451-D46C-4BFE-9239-CE88BC2475BF}"
EndProject
Project("{FAE04EC0-301F-11D3-BF4B-00C04F79EFBC}") = "Tyuiu.MoskalevEA.Sprint1.Task1.V11.Lib", "Tyuiu.MoskalevEA.Sprint1.Task1V11.Lib\Tyuiu.MoskalevEA.Sprint1.Task1.V11.Lib.csproj", "{71992A4D-A3B3-4977-A16B-56C594BE799C}"
EndProject
Project("{2150E333-8FDC-42A3-9474-1A3956D46DE8}") = "Task3", "Task3", "{1E4924E8-2557-4A1D-A460-265A26BD616A}"
EndProject
Project("{FAE04EC0-301F-11D3-BF4B-00C04F79EFBC}") = "Tyuiu.MoskalevEA.Sprint1.Task3.V17", "Tyuiu.MoskalevEA.Sprint1.Task3.V17\Tyuiu.MoskalevEA.Sprint1.Task3.V17.csproj", "{48140B02-0482-4013-82F4-EABAFE243BC8}"
EndProject
Project("{FAE04EC0-301F-11D3-BF4B-00C04F79EFBC}") = "Tyuiu.MoskalevEA.Sprint1.Task3.V17.Test", "Tyuiu.MoskalevEA.Sprint1.Task3.V17.Test\Tyuiu.MoskalevEA.Sprint1.Task3.V17.Test.csproj", "{4D21DA51-492E-4FF0-8636-F694481080B1}"
EndProject
Project("{FAE04EC0-301F-11D3-BF4B-00C04F79EFBC}") = "Tyuiu.MoskalevEA.Sprint1.Task3.V17.Lib", "Tyuiu.MoskalevEA.Sprint1.Task3.V17.Lib\Tyuiu.MoskalevEA.Sprint1.Task3.V17.Lib.csproj", "{BD42AE14-54A3-4E4A-9465-574FEC25A891}"
EndProject
Project("{2150E333-8FDC-42A3-9474-1A3956D46DE8}") = "review", "review", "{6BC487D9-1727-4B58-BEE2-5F3835979C0D}"
EndProject
Project("{FAE04EC0-301F-11D3-BF4B-00C04F79EFBC}") = "Tyuiu.MoskalevEA.Sprint1.Review1.V16.Test", "Tyuiu.MoskalevEA.Sprint1.Review1.V16\Tyuiu.MoskalevEA.Sprint1.Review1.V16.Test.csproj", "{14C0D668-4C62-49D8-8665-1202D0C03FC5}"
EndProject
Project("{FAE04EC0-301F-11D3-BF4B-00C04F79EFBC}") = "Tyuiu.MoskalevEA.Sprint1.Review1.V16.Lib", "Tyuiu.MoskalevEA.Sprint1.Review1.V16.Lib\Tyuiu.MoskalevEA.Sprint1.Review1.V16.Lib.csproj", "{42C59CD5-B64B-4E41-A761-64CADC491D78}"
EndProject
Project("{FAE04EC0-301F-11D3-BF4B-00C04F79EFBC}") = "Tyuiu.MoskalevEA.Sprint1.Review1.V16", "Tyuiu.MoskalevEA.Sprint1.Review1.V16\Tyuiu.MoskalevEA.Sprint1.Review1.V16.csproj", "{55519BD5-7B1A-4FCF-B997-DF4E0EC1C14C}"
EndProject
Project("{2150E333-8FDC-42A3-9474-1A3956D46DE8}") = "Task5", "Task5", "{566147D5-7F28-4B4F-B2C4-2E052010E22F}"
EndProject
Project("{2150E333-8FDC-42A3-9474-1A3956D46DE8}") = "Task4", "Task4", "{6D48C5B5-6AB5-4864-9978-861A58C72BDF}"
EndProject
Project("{2150E333-8FDC-42A3-9474-1A3956D46DE8}") = "Task2", "Task2", "{FC26F50E-7AF7-49A3-950A-026A72260875}"
EndProject
Project("{FAE04EC0-301F-11D3-BF4B-00C04F79EFBC}") = "Tyuiu.MoskalevEA.Sprint1.Task2.V3.Test", "Tyuiu.MoskalevEA.Sprint1.Task2.V3.Test\Tyuiu.MoskalevEA.Sprint1.Task2.V3.Test.csproj", "{7AC35F61-7908-41DA-BACC-F1625E49E6D8}"
EndProject
Project("{FAE04EC0-301F-11D3-BF4B-00C04F79EFBC}") = "Tyuiu.MoskalevEA.Sprint1.Task2.V3", "Tyuiu.MoskalevEA.Sprint1.Task2.V3\Tyuiu.MoskalevEA.Sprint1.Task2.V3.csproj", "{4EAD34F2-DB3D-4914-A766-F01DC32179BA}"
EndProject
Project("{FAE04EC0-301F-11D3-BF4B-00C04F79EFBC}") = "Tyuiu.MoskalevEA.Sprint1.Task2.V3.Lib", "Tyuiu.MoskalevEA.Sprint1.Task2.V3.Lib\Tyuiu.MoskalevEA.Sprint1.Task2.V3.Lib.csproj", "{B11ED5E5-B4F5-4DC0-AD79-4AECB54E6A53}"
EndProject
Project("{FAE04EC0-301F-11D3-BF4B-00C04F79EFBC}") = "Tyuiu.MoskalevEA.Sprint1.Task4.V29.Test", "Tyuiu.MoskalevEA.Sprint1.Task4.V29.Test\Tyuiu.MoskalevEA.Sprint1.Task4.V29.Test.csproj", "{CD56437C-E1A6-42E7-B366-D5D99C027451}"
EndProject
Project("{FAE04EC0-301F-11D3-BF4B-00C04F79EFBC}") = "Tyuiu.MoskalevEA.Sprint1.Task4.V29.Lib", "Tyuiu.MoskalevEA.Sprint1.Task4.V29.Lib\Tyuiu.MoskalevEA.Sprint1.Task4.V29.Lib.csproj", "{0083069D-C576-4021-B59F-8FA9E8BDBEF9}"
EndProject
Project("{FAE04EC0-301F-11D3-BF4B-00C04F79EFBC}") = "Tyuiu.MoskalevEA.Sprint1.Task4.V29", "Tyuiu.MoskalevEA.Sprint1.Task4.V29\Tyuiu.MoskalevEA.Sprint1.Task4.V29.csproj", "{CF96853F-0BEC-417A-BB9D-8937CDD4CF95}"
EndProject
Project("{FAE04EC0-301F-11D3-BF4B-00C04F79EFBC}") = "Tyuiu.MoskalevEA.Sprint1.Task5.V5.Test", "Tyuiu.MoskalevEA.Sprint1.Task5.V5.Test\Tyuiu.MoskalevEA.Sprint1.Task5.V5.Test.csproj", "{557162B0-CE01-440E-8BD0-8FFD89656F76}"
EndProject
Project("{FAE04EC0-301F-11D3-BF4B-00C04F79EFBC}") = "Tyuiu.MoskalevEA.Sprint1.Task5.V5.Lib", "Tyuiu.MoskalevEA.Sprint1.Task5.V5.Lib\Tyuiu.MoskalevEA.Sprint1.Task5.V5.Lib.csproj", "{EA5520A0-1BA2-4C07-8784-3B912DDBA0C2}"
EndProject
Project("{FAE04EC0-301F-11D3-BF4B-00C04F79EFBC}") = "Tyuiu.MoskalevEA.Sprint1.Task5.V5", "Tyuiu.MoskalevEA.Sprint1.Task5.V5\Tyuiu.MoskalevEA.Sprint1.Task5.V5.csproj", "{8DE78987-3DE7-47F6-BBD7-6D7791436117}"
EndProject
Global
	GlobalSection(SolutionConfigurationPlatforms) = preSolution
		Debug|Any CPU = Debug|Any CPU
		Release|Any CPU = Release|Any CPU
	EndGlobalSection
	GlobalSection(ProjectConfigurationPlatforms) = postSolution
		{F4FAC711-1134-496E-84D0-F885BBE62307}.Debug|Any CPU.ActiveCfg = Debug|Any CPU
		{F4FAC711-1134-496E-84D0-F885BBE62307}.Debug|Any CPU.Build.0 = Debug|Any CPU
		{F4FAC711-1134-496E-84D0-F885BBE62307}.Release|Any CPU.ActiveCfg = Release|Any CPU
		{F4FAC711-1134-496E-84D0-F885BBE62307}.Release|Any CPU.Build.0 = Release|Any CPU
		{32B78057-8CB2-4917-91E7-DE86D99B9018}.Debug|Any CPU.ActiveCfg = Debug|Any CPU
		{32B78057-8CB2-4917-91E7-DE86D99B9018}.Debug|Any CPU.Build.0 = Debug|Any CPU
		{32B78057-8CB2-4917-91E7-DE86D99B9018}.Release|Any CPU.ActiveCfg = Release|Any CPU
		{32B78057-8CB2-4917-91E7-DE86D99B9018}.Release|Any CPU.Build.0 = Release|Any CPU
		{C83752BF-1BFC-4316-ABF4-A21CBB113DEC}.Debug|Any CPU.ActiveCfg = Debug|Any CPU
		{C83752BF-1BFC-4316-ABF4-A21CBB113DEC}.Debug|Any CPU.Build.0 = Debug|Any CPU
		{C83752BF-1BFC-4316-ABF4-A21CBB113DEC}.Release|Any CPU.ActiveCfg = Release|Any CPU
		{C83752BF-1BFC-4316-ABF4-A21CBB113DEC}.Release|Any CPU.Build.0 = Release|Any CPU
		{762FEAC4-ABC6-49B2-8521-D881B4D6A33C}.Debug|Any CPU.ActiveCfg = Debug|Any CPU
		{762FEAC4-ABC6-49B2-8521-D881B4D6A33C}.Debug|Any CPU.Build.0 = Debug|Any CPU
		{762FEAC4-ABC6-49B2-8521-D881B4D6A33C}.Release|Any CPU.ActiveCfg = Release|Any CPU
		{762FEAC4-ABC6-49B2-8521-D881B4D6A33C}.Release|Any CPU.Build.0 = Release|Any CPU
		{F5B77451-D46C-4BFE-9239-CE88BC2475BF}.Debug|Any CPU.ActiveCfg = Debug|Any CPU
		{F5B77451-D46C-4BFE-9239-CE88BC2475BF}.Debug|Any CPU.Build.0 = Debug|Any CPU
		{F5B77451-D46C-4BFE-9239-CE88BC2475BF}.Release|Any CPU.ActiveCfg = Release|Any CPU
		{F5B77451-D46C-4BFE-9239-CE88BC2475BF}.Release|Any CPU.Build.0 = Release|Any CPU
		{71992A4D-A3B3-4977-A16B-56C594BE799C}.Debug|Any CPU.ActiveCfg = Debug|Any CPU
		{71992A4D-A3B3-4977-A16B-56C594BE799C}.Debug|Any CPU.Build.0 = Debug|Any CPU
		{71992A4D-A3B3-4977-A16B-56C594BE799C}.Release|Any CPU.ActiveCfg = Release|Any CPU
		{71992A4D-A3B3-4977-A16B-56C594BE799C}.Release|Any CPU.Build.0 = Release|Any CPU
		{48140B02-0482-4013-82F4-EABAFE243BC8}.Debug|Any CPU.ActiveCfg = Debug|Any CPU
		{48140B02-0482-4013-82F4-EABAFE243BC8}.Debug|Any CPU.Build.0 = Debug|Any CPU
		{48140B02-0482-4013-82F4-EABAFE243BC8}.Release|Any CPU.ActiveCfg = Release|Any CPU
		{48140B02-0482-4013-82F4-EABAFE243BC8}.Release|Any CPU.Build.0 = Release|Any CPU
		{4D21DA51-492E-4FF0-8636-F694481080B1}.Debug|Any CPU.ActiveCfg = Debug|Any CPU
		{4D21DA51-492E-4FF0-8636-F694481080B1}.Debug|Any CPU.Build.0 = Debug|Any CPU
		{4D21DA51-492E-4FF0-8636-F694481080B1}.Release|Any CPU.ActiveCfg = Release|Any CPU
		{4D21DA51-492E-4FF0-8636-F694481080B1}.Release|Any CPU.Build.0 = Release|Any CPU
		{BD42AE14-54A3-4E4A-9465-574FEC25A891}.Debug|Any CPU.ActiveCfg = Debug|Any CPU
		{BD42AE14-54A3-4E4A-9465-574FEC25A891}.Debug|Any CPU.Build.0 = Debug|Any CPU
		{BD42AE14-54A3-4E4A-9465-574FEC25A891}.Release|Any CPU.ActiveCfg = Release|Any CPU
		{BD42AE14-54A3-4E4A-9465-574FEC25A891}.Release|Any CPU.Build.0 = Release|Any CPU
		{14C0D668-4C62-49D8-8665-1202D0C03FC5}.Debug|Any CPU.ActiveCfg = Debug|Any CPU
		{14C0D668-4C62-49D8-8665-1202D0C03FC5}.Debug|Any CPU.Build.0 = Debug|Any CPU
		{14C0D668-4C62-49D8-8665-1202D0C03FC5}.Release|Any CPU.ActiveCfg = Release|Any CPU
		{14C0D668-4C62-49D8-8665-1202D0C03FC5}.Release|Any CPU.Build.0 = Release|Any CPU
		{42C59CD5-B64B-4E41-A761-64CADC491D78}.Debug|Any CPU.ActiveCfg = Debug|Any CPU
		{42C59CD5-B64B-4E41-A761-64CADC491D78}.Debug|Any CPU.Build.0 = Debug|Any CPU
		{42C59CD5-B64B-4E41-A761-64CADC491D78}.Release|Any CPU.ActiveCfg = Release|Any CPU
		{42C59CD5-B64B-4E41-A761-64CADC491D78}.Release|Any CPU.Build.0 = Release|Any CPU
		{55519BD5-7B1A-4FCF-B997-DF4E0EC1C14C}.Debug|Any CPU.ActiveCfg = Debug|Any CPU
		{55519BD5-7B1A-4FCF-B997-DF4E0EC1C14C}.Debug|Any CPU.Build.0 = Debug|Any CPU
		{55519BD5-7B1A-4FCF-B997-DF4E0EC1C14C}.Release|Any CPU.ActiveCfg = Release|Any CPU
		{55519BD5-7B1A-4FCF-B997-DF4E0EC1C14C}.Release|Any CPU.Build.0 = Release|Any CPU
		{7AC35F61-7908-41DA-BACC-F1625E49E6D8}.Debug|Any CPU.ActiveCfg = Debug|Any CPU
		{7AC35F61-7908-41DA-BACC-F1625E49E6D8}.Debug|Any CPU.Build.0 = Debug|Any CPU
		{7AC35F61-7908-41DA-BACC-F1625E49E6D8}.Release|Any CPU.ActiveCfg = Release|Any CPU
		{7AC35F61-7908-41DA-BACC-F1625E49E6D8}.Release|Any CPU.Build.0 = Release|Any CPU
		{4EAD34F2-DB3D-4914-A766-F01DC32179BA}.Debug|Any CPU.ActiveCfg = Debug|Any CPU
		{4EAD34F2-DB3D-4914-A766-F01DC32179BA}.Debug|Any CPU.Build.0 = Debug|Any CPU
		{4EAD34F2-DB3D-4914-A766-F01DC32179BA}.Release|Any CPU.ActiveCfg = Release|Any CPU
		{4EAD34F2-DB3D-4914-A766-F01DC32179BA}.Release|Any CPU.Build.0 = Release|Any CPU
		{B11ED5E5-B4F5-4DC0-AD79-4AECB54E6A53}.Debug|Any CPU.ActiveCfg = Debug|Any CPU
		{B11ED5E5-B4F5-4DC0-AD79-4AECB54E6A53}.Debug|Any CPU.Build.0 = Debug|Any CPU
		{B11ED5E5-B4F5-4DC0-AD79-4AECB54E6A53}.Release|Any CPU.ActiveCfg = Release|Any CPU
		{B11ED5E5-B4F5-4DC0-AD79-4AECB54E6A53}.Release|Any CPU.Build.0 = Release|Any CPU
		{CD56437C-E1A6-42E7-B366-D5D99C027451}.Debug|Any CPU.ActiveCfg = Debug|Any CPU
		{CD56437C-E1A6-42E7-B366-D5D99C027451}.Debug|Any CPU.Build.0 = Debug|Any CPU
		{CD56437C-E1A6-42E7-B366-D5D99C027451}.Release|Any CPU.ActiveCfg = Release|Any CPU
		{CD56437C-E1A6-42E7-B366-D5D99C027451}.Release|Any CPU.Build.0 = Release|Any CPU
		{0083069D-C576-4021-B59F-8FA9E8BDBEF9}.Debug|Any CPU.ActiveCfg = Debug|Any CPU
		{0083069D-C576-4021-B59F-8FA9E8BDBEF9}.Debug|Any CPU.Build.0 = Debug|Any CPU
		{0083069D-C576-4021-B59F-8FA9E8BDBEF9}.Release|Any CPU.ActiveCfg = Release|Any CPU
		{0083069D-C576-4021-B59F-8FA9E8BDBEF9}.Release|Any CPU.Build.0 = Release|Any CPU
		{CF96853F-0BEC-417A-BB9D-8937CDD4CF95}.Debug|Any CPU.ActiveCfg = Debug|Any CPU
		{CF96853F-0BEC-417A-BB9D-8937CDD4CF95}.Debug|Any CPU.Build.0 = Debug|Any CPU
		{CF96853F-0BEC-417A-BB9D-8937CDD4CF95}.Release|Any CPU.ActiveCfg = Release|Any CPU
		{CF96853F-0BEC-417A-BB9D-8937CDD4CF95}.Release|Any CPU.Build.0 = Release|Any CPU
		{557162B0-CE01-440E-8BD0-8FFD89656F76}.Debug|Any CPU.ActiveCfg = Debug|Any CPU
		{557162B0-CE01-440E-8BD0-8FFD89656F76}.Debug|Any CPU.Build.0 = Debug|Any CPU
		{557162B0-CE01-440E-8BD0-8FFD89656F76}.Release|Any CPU.ActiveCfg = Release|Any CPU
		{557162B0-CE01-440E-8BD0-8FFD89656F76}.Release|Any CPU.Build.0 = Release|Any CPU
		{EA5520A0-1BA2-4C07-8784-3B912DDBA0C2}.Debug|Any CPU.ActiveCfg = Debug|Any CPU
		{EA5520A0-1BA2-4C07-8784-3B912DDBA0C2}.Debug|Any CPU.Build.0 = Debug|Any CPU
		{EA5520A0-1BA2-4C07-8784-3B912DDBA0C2}.Release|Any CPU.ActiveCfg = Release|Any CPU
		{EA5520A0-1BA2-4C07-8784-3B912DDBA0C2}.Release|Any CPU.Build.0 = Release|Any CPU
		{8DE78987-3DE7-47F6-BBD7-6D7791436117}.Debug|Any CPU.ActiveCfg = Debug|Any CPU
		{8DE78987-3DE7-47F6-BBD7-6D7791436117}.Debug|Any CPU.Build.0 = Debug|Any CPU
		{8DE78987-3DE7-47F6-BBD7-6D7791436117}.Release|Any CPU.ActiveCfg = Release|Any CPU
		{8DE78987-3DE7-47F6-BBD7-6D7791436117}.Release|Any CPU.Build.0 = Release|Any CPU
	EndGlobalSection
	GlobalSection(SolutionProperties) = preSolution
		HideSolutionNode = FALSE
	EndGlobalSection
	GlobalSection(NestedProjects) = preSolution
		{F4FAC711-1134-496E-84D0-F885BBE62307} = {02EA681E-C7D8-13C7-8484-4AC65E1B71E8}
		{32B78057-8CB2-4917-91E7-DE86D99B9018} = {02EA681E-C7D8-13C7-8484-4AC65E1B71E8}
		{C83752BF-1BFC-4316-ABF4-A21CBB113DEC} = {02EA681E-C7D8-13C7-8484-4AC65E1B71E8}
		{762FEAC4-ABC6-49B2-8521-D881B4D6A33C} = {760E99E3-7021-4E7E-944F-DCFBA11A52BA}
		{F5B77451-D46C-4BFE-9239-CE88BC2475BF} = {760E99E3-7021-4E7E-944F-DCFBA11A52BA}
		{71992A4D-A3B3-4977-A16B-56C594BE799C} = {760E99E3-7021-4E7E-944F-DCFBA11A52BA}
		{48140B02-0482-4013-82F4-EABAFE243BC8} = {1E4924E8-2557-4A1D-A460-265A26BD616A}
		{4D21DA51-492E-4FF0-8636-F694481080B1} = {1E4924E8-2557-4A1D-A460-265A26BD616A}
		{BD42AE14-54A3-4E4A-9465-574FEC25A891} = {1E4924E8-2557-4A1D-A460-265A26BD616A}
		{14C0D668-4C62-49D8-8665-1202D0C03FC5} = {6BC487D9-1727-4B58-BEE2-5F3835979C0D}
		{42C59CD5-B64B-4E41-A761-64CADC491D78} = {6BC487D9-1727-4B58-BEE2-5F3835979C0D}
		{55519BD5-7B1A-4FCF-B997-DF4E0EC1C14C} = {6BC487D9-1727-4B58-BEE2-5F3835979C0D}
		{7AC35F61-7908-41DA-BACC-F1625E49E6D8} = {FC26F50E-7AF7-49A3-950A-026A72260875}
		{4EAD34F2-DB3D-4914-A766-F01DC32179BA} = {FC26F50E-7AF7-49A3-950A-026A72260875}
		{B11ED5E5-B4F5-4DC0-AD79-4AECB54E6A53} = {FC26F50E-7AF7-49A3-950A-026A72260875}
		{CD56437C-E1A6-42E7-B366-D5D99C027451} = {6D48C5B5-6AB5-4864-9978-861A58C72BDF}
		{0083069D-C576-4021-B59F-8FA9E8BDBEF9} = {6D48C5B5-6AB5-4864-9978-861A58C72BDF}
		{CF96853F-0BEC-417A-BB9D-8937CDD4CF95} = {6D48C5B5-6AB5-4864-9978-861A58C72BDF}
		{557162B0-CE01-440E-8BD0-8FFD89656F76} = {566147D5-7F28-4B4F-B2C4-2E052010E22F}
		{EA5520A0-1BA2-4C07-8784-3B912DDBA0C2} = {566147D5-7F28-4B4F-B2C4-2E052010E22F}
		{8DE78987-3DE7-47F6-BBD7-6D7791436117} = {566147D5-7F28-4B4F-B2C4-2E052010E22F}
	EndGlobalSection
	GlobalSection(ExtensibilityGlobals) = postSolution
		SolutionGuid = {114AE30C-981D-4B23-96A9-775D6BF3FD4E}
	EndGlobalSection
EndGlobal
