
Microsoft Visual Studio Solution File, Format Version 12.00
# Visual Studio Version 17
VisualStudioVersion = 17.14.36518.9 d17.14
MinimumVisualStudioVersion = 10.0.40219.1
Project("{FAE04EC0-301F-11D3-BF4B-00C04F79EFBC}") = "Tyuiu.MoskalevEA.Sprint1.Task0.V23.Test", "Tyuiu.MoskalevEA.Sprint1.Task0.V23.Test\Tyuiu.MoskalevEA.Sprint1.Task0.V23.Test.csproj", "{F4FAC711-1134-496E-84D0-F885BBE62307}"
EndProject
Project("{FAE04EC0-301F-11D3-BF4B-00C04F79EFBC}") = "Tyuiu.MoskalevEA.Sprint1.Task0.V23.Lib", "Tyuiu.MoskalevEA.Sprint1.Task0.V23.Lib\Tyuiu.MoskalevEA.Sprint1.Task0.V23.Lib.csproj", "{32B78057-8CB2-4917-91E7-DE86D99B9018}"
EndProject
Project("{FAE04EC0-301F-11D3-BF4B-00C04F79EFBC}") = "Tyuiu.MoskalevEA.Sprint1.Task0.V23", "Tyuiu.MoskalevEA.Sprint1.Task0.V23\Tyuiu.MoskalevEA.Sprint1.Task0.V23.csproj", "{C83752BF-1BFC-4316-ABF4-A21CBB113DEC}"
EndProject
Project("{2150E333-8FDC-42A3-9474-1A3956D46DE8}") = "Task0", "Task0", "{02EA681E-C7D8-13C7-8484-4AC65E1B71E8}"
EndProject
Project("{2150E333-8FDC-42A3-9474-1A3956D46DE8}") = "Task1", "Task1", "{760E99E3-7021-4E7E-944F-DCFBA11A52BA}"
EndProject
Project("{FAE04EC0-301F-11D3-BF4B-00C04F79EFBC}") = "Tyuiu.MoskalevEA.Sprint1.Task1.V11", "Tyuiu.MoskalevEA.Sprint1.Task1V11\Tyuiu.MoskalevEA.Sprint1.Task1.V11.csproj", "{762FEAC4-ABC6-49B2-8521-D881B4D6A33C}"
EndProject
Project("{FAE04EC0-301F-11D3-BF4B-00C04F79EFBC}") = "Tyuiu.MoskalevEA.Sprint1.Task1.V11.Test", "Tyuiu.MoskalevEA.Sprint1.Task1V11.Test\Tyuiu.MoskalevEA.Sprint1.Task1.V11.Test.csproj", "{F5B77451-D46C-4BFE-9239-CE88BC2475BF}"
EndProject
Project("{FAE04EC0-301F-11D3-BF4B-00C04F79EFBC}") = "Tyuiu.MoskalevEA.Sprint1.Task1.V11.Lib", "Tyuiu.MoskalevEA.Sprint1.Task1V11.Lib\Tyuiu.MoskalevEA.Sprint1.Task1.V11.Lib.csproj", "{71992A4D-A3B3-4977-A16B-56C594BE799C}"
EndProject
Global
	GlobalSection(SolutionConfigurationPlatforms) = preSolution
		Debug|Any CPU = Debug|Any CPU
		Release|Any CPU = Release|Any CPU
	EndGlobalSection
	GlobalSection(ProjectConfigurationPlatforms) = postSolution
		{F4FAC711-1134-496E-84D0-F885BBE62307}.Debug|Any CPU.ActiveCfg = Debug|Any CPU
		{F4FAC711-1134-496E-84D0-F885BBE62307}.Debug|Any CPU.Build.0 = Debug|Any CPU
		{F4FAC711-1134-496E-84D0-F885BBE62307}.Release|Any CPU.ActiveCfg = Release|Any CPU
		{F4FAC711-1134-496E-84D0-F885BBE62307}.Release|Any CPU.Build.0 = Release|Any CPU
		{32B78057-8CB2-4917-91E7-DE86D99B9018}.Debug|Any CPU.ActiveCfg = Debug|Any CPU
		{32B78057-8CB2-4917-91E7-DE86D99B9018}.Debug|Any CPU.Build.0 = Debug|Any CPU
		{32B78057-8CB2-4917-91E7-DE86D99B9018}.Release|Any CPU.ActiveCfg = Release|Any CPU
		{32B78057-8CB2-4917-91E7-DE86D99B9018}.Release|Any CPU.Build.0 = Release|Any CPU
		{C83752BF-1BFC-4316-ABF4-A21CBB113DEC}.Debug|Any CPU.ActiveCfg = Debug|Any CPU
		{C83752BF-1BFC-4316-ABF4-A21CBB113DEC}.Debug|Any CPU.Build.0 = Debug|Any CPU
		{C83752BF-1BFC-4316-ABF4-A21CBB113DEC}.Release|Any CPU.ActiveCfg = Release|Any CPU
		{C83752BF-1BFC-4316-ABF4-A21CBB113DEC}.Release|Any CPU.Build.0 = Release|Any CPU
		{762FEAC4-ABC6-49B2-8521-D881B4D6A33C}.Debug|Any CPU.ActiveCfg = Debug|Any CPU
		{762FEAC4-ABC6-49B2-8521-D881B4D6A33C}.Debug|Any CPU.Build.0 = Debug|Any CPU
		{762FEAC4-ABC6-49B2-8521-D881B4D6A33C}.Release|Any CPU.ActiveCfg = Release|Any CPU
		{762FEAC4-ABC6-49B2-8521-D881B4D6A33C}.Release|Any CPU.Build.0 = Release|Any CPU
		{F5B77451-D46C-4BFE-9239-CE88BC2475BF}.Debug|Any CPU.ActiveCfg = Debug|Any CPU
		{F5B77451-D46C-4BFE-9239-CE88BC2475BF}.Debug|Any CPU.Build.0 = Debug|Any CPU
		{F5B77451-D46C-4BFE-9239-CE88BC2475BF}.Release|Any CPU.ActiveCfg = Release|Any CPU
		{F5B77451-D46C-4BFE-9239-CE88BC2475BF}.Release|Any CPU.Build.0 = Release|Any CPU
		{71992A4D-A3B3-4977-A16B-56C594BE799C}.Debug|Any CPU.ActiveCfg = Debug|Any CPU
		{71992A4D-A3B3-4977-A16B-56C594BE799C}.Debug|Any CPU.Build.0 = Debug|Any CPU
		{71992A4D-A3B3-4977-A16B-56C594BE799C}.Release|Any CPU.ActiveCfg = Release|Any CPU
		{71992A4D-A3B3-4977-A16B-56C594BE799C}.Release|Any CPU.Build.0 = Release|Any CPU
	EndGlobalSection
	GlobalSection(SolutionProperties) = preSolution
		HideSolutionNode = FALSE
	EndGlobalSection
	GlobalSection(NestedProjects) = preSolution
		{F4FAC711-1134-496E-84D0-F885BBE62307} = {02EA681E-C7D8-13C7-8484-4AC65E1B71E8}
		{32B78057-8CB2-4917-91E7-DE86D99B9018} = {02EA681E-C7D8-13C7-8484-4AC65E1B71E8}
		{C83752BF-1BFC-4316-ABF4-A21CBB113DEC} = {02EA681E-C7D8-13C7-8484-4AC65E1B71E8}
		{762FEAC4-ABC6-49B2-8521-D881B4D6A33C} = {760E99E3-7021-4E7E-944F-DCFBA11A52BA}
		{F5B77451-D46C-4BFE-9239-CE88BC2475BF} = {760E99E3-7021-4E7E-944F-DCFBA11A52BA}
		{71992A4D-A3B3-4977-A16B-56C594BE799C} = {760E99E3-7021-4E7E-944F-DCFBA11A52BA}
	EndGlobalSection
	GlobalSection(ExtensibilityGlobals) = postSolution
		SolutionGuid = {114AE30C-981D-4B23-96A9-775D6BF3FD4E}
	EndGlobalSection
EndGlobal
